
Microsoft Visual Studio Solution File, Format Version 12.00
# Visual Studio 15
VisualStudioVersion = 15.0.28010.2048
MinimumVisualStudioVersion = 10.0.40219.1
Project("{9A19103F-16F7-4668-BE54-9A1E7A4F7556}") = "CSharpDataExtraction", "CSharpDataExtraction\CSharpDataExtraction.csproj", "{EC84AE66-9DCE-484F-B344-2FCC8AAEA8DD}"
EndProject
Project("{FAE04EC0-301F-11D3-BF4B-00C04F79EFBC}") = "RosettaCodeTokenExtractor", "RosettaCodeTokenExtractor\RosettaCodeTokenExtractor.csproj", "{11AD6816-F702-490D-AE1F-7A8A794AED79}"
EndProject
Global
	GlobalSection(SolutionConfigurationPlatforms) = preSolution
		Debug|Any CPU = Debug|Any CPU
		Release|Any CPU = Release|Any CPU
	EndGlobalSection
	GlobalSection(ProjectConfigurationPlatforms) = postSolution
		{EC84AE66-9DCE-484F-B344-2FCC8AAEA8DD}.Debug|Any CPU.ActiveCfg = Debug|Any CPU
		{EC84AE66-9DCE-484F-B344-2FCC8AAEA8DD}.Debug|Any CPU.Build.0 = Debug|Any CPU
		{EC84AE66-9DCE-484F-B344-2FCC8AAEA8DD}.Release|Any CPU.ActiveCfg = Release|Any CPU
		{EC84AE66-9DCE-484F-B344-2FCC8AAEA8DD}.Release|Any CPU.Build.0 = Release|Any CPU
		{11AD6816-F702-490D-AE1F-7A8A794AED79}.Debug|Any CPU.ActiveCfg = Debug|Any CPU
		{11AD6816-F702-490D-AE1F-7A8A794AED79}.Debug|Any CPU.Build.0 = Debug|Any CPU
		{11AD6816-F702-490D-AE1F-7A8A794AED79}.Release|Any CPU.ActiveCfg = Release|Any CPU
		{11AD6816-F702-490D-AE1F-7A8A794AED79}.Release|Any CPU.Build.0 = Release|Any CPU
	EndGlobalSection
	GlobalSection(SolutionProperties) = preSolution
		HideSolutionNode = FALSE
	EndGlobalSection
	GlobalSection(ExtensibilityGlobals) = postSolution
		SolutionGuid = {73D05C02-9001-4A73-A479-97BC85021032}
	EndGlobalSection
EndGlobal
